{
  "name": "phase-4-deploying-app-demo",
  "lockfileVersion": 2,
  "requires": true,
  "packages": {
    "": {
      "name": "phase-4-deploying-app-demo",
      "dependencies": {
        "@syncfusion/ej2-react-buttons": "^20.2.36"
      },
      "engines": {
        "node": "16.x"
      }
    },
    "node_modules/@syncfusion/ej2-base": {
      "version": "20.3.48",
      "resolved": "https://registry.npmjs.org/@syncfusion/ej2-base/-/ej2-base-20.3.48.tgz",
      "integrity": "sha512-KhUD9jkD78x6p4rlICh9cAN3n8NLC/FT3mTWEI6dD10LD5viI7hFqPlXEqBoymPBvBR3UhgZVm57jNK4KqHZag==",
      "dependencies": {
        "@syncfusion/ej2-icons": "~20.3.47"
      },
      "bin": {
        "syncfusion-license": "bin/syncfusion-license.js"
      }
    },
    "node_modules/@syncfusion/ej2-buttons": {
      "version": "20.3.48",
      "resolved": "https://registry.npmjs.org/@syncfusion/ej2-buttons/-/ej2-buttons-20.3.48.tgz",
      "integrity": "sha512-GiM+xbkiTvA4hA0bn8yZgxe/8ZywCycXg3iBqyFWEzmcAfvOGacEHjEct29ogQWGEhdILIPx4/E+Y+GoyMKTBA==",
      "dependencies": {
        "@syncfusion/ej2-base": "~20.3.48"
      }
    },
    "node_modules/@syncfusion/ej2-icons": {
      "version": "20.3.47",
      "resolved": "https://registry.npmjs.org/@syncfusion/ej2-icons/-/ej2-icons-20.3.47.tgz",
      "integrity": "sha512-5uQEkkyene5mm/o1G7GMSJqmSrFOWFyuJdEIqzZYBzr+7hwlq6P919A/XR3eDBJSIz1wTN65bTQ9SCl4j/us1g=="
    },
    "node_modules/@syncfusion/ej2-react-base": {
      "version": "20.3.47",
      "resolved": "https://registry.npmjs.org/@syncfusion/ej2-react-base/-/ej2-react-base-20.3.47.tgz",
      "integrity": "sha512-x1FNcohhHNvUfvoDVP/jvwmXz65LHP3hKRQIwPxaPby5lM1OzHUecWuIT+6JTc4dat++14c35EAbC6sqr1PrhA==",
      "dependencies": {
        "@syncfusion/ej2-base": "~20.3.47"
      }
    },
    "node_modules/@syncfusion/ej2-react-buttons": {
      "version": "20.3.48",
      "resolved": "https://registry.npmjs.org/@syncfusion/ej2-react-buttons/-/ej2-react-buttons-20.3.48.tgz",
      "integrity": "sha512-p+c0f7JX+AzQoMiKARTTDNat3u77ZJ5c7rFl8VznW1Xd1s4v9vdq/jYEg84eMNSZb7VAjmgqTO3jkMJEK5/jAA==",
      "dependencies": {
        "@syncfusion/ej2-base": "~20.3.48",
        "@syncfusion/ej2-buttons": "20.3.48",
        "@syncfusion/ej2-react-base": "~20.3.47"
      }
    }
  },
  "dependencies": {
    "@syncfusion/ej2-base": {
      "version": "20.3.48",
      "resolved": "https://registry.npmjs.org/@syncfusion/ej2-base/-/ej2-base-20.3.48.tgz",
      "integrity": "sha512-KhUD9jkD78x6p4rlICh9cAN3n8NLC/FT3mTWEI6dD10LD5viI7hFqPlXEqBoymPBvBR3UhgZVm57jNK4KqHZag==",
      "requires": {
        "@syncfusion/ej2-icons": "~20.3.47"
      }
    },
    "@syncfusion/ej2-buttons": {
      "version": "20.3.48",
      "resolved": "https://registry.npmjs.org/@syncfusion/ej2-buttons/-/ej2-buttons-20.3.48.tgz",
      "integrity": "sha512-GiM+xbkiTvA4hA0bn8yZgxe/8ZywCycXg3iBqyFWEzmcAfvOGacEHjEct29ogQWGEhdILIPx4/E+Y+GoyMKTBA==",
      "requires": {
        "@syncfusion/ej2-base": "~20.3.48"
      }
    },
    "@syncfusion/ej2-icons": {
      "version": "20.3.47",
      "resolved": "https://registry.npmjs.org/@syncfusion/ej2-icons/-/ej2-icons-20.3.47.tgz",
      "integrity": "sha512-5uQEkkyene5mm/o1G7GMSJqmSrFOWFyuJdEIqzZYBzr+7hwlq6P919A/XR3eDBJSIz1wTN65bTQ9SCl4j/us1g=="
    },
    "@syncfusion/ej2-react-base": {
      "version": "20.3.47",
      "resolved": "https://registry.npmjs.org/@syncfusion/ej2-react-base/-/ej2-react-base-20.3.47.tgz",
      "integrity": "sha512-x1FNcohhHNvUfvoDVP/jvwmXz65LHP3hKRQIwPxaPby5lM1OzHUecWuIT+6JTc4dat++14c35EAbC6sqr1PrhA==",
      "requires": {
        "@syncfusion/ej2-base": "~20.3.47"
      }
    },
    "@syncfusion/ej2-react-buttons": {
      "version": "20.3.48",
      "resolved": "https://registry.npmjs.org/@syncfusion/ej2-react-buttons/-/ej2-react-buttons-20.3.48.tgz",
      "integrity": "sha512-p+c0f7JX+AzQoMiKARTTDNat3u77ZJ5c7rFl8VznW1Xd1s4v9vdq/jYEg84eMNSZb7VAjmgqTO3jkMJEK5/jAA==",
      "requires": {
        "@syncfusion/ej2-base": "~20.3.48",
        "@syncfusion/ej2-buttons": "20.3.48",
        "@syncfusion/ej2-react-base": "~20.3.47"
      }
    }
  }
}